<?xml version="1.0" encoding="utf-8"?>
<Project ToolsVersion="4.0" xmlns="http://schemas.microsoft.com/developer/msbuild/2003">
  <ItemGroup>
    <Filter Include="Framework">
      <UniqueIdentifier>{4FC737F1-C7A5-4376-A066-2A32D752A2FF}</UniqueIdentifier>
      <Extensions>cpp;c;cc;cxx;c++;cppm;ixx;def;odl;idl;hpj;bat;asm;asmx</Extensions>
    </Filter>
    <Filter Include="Gameplay">
      <UniqueIdentifier>{64dab2bf-5144-4bd9-9a25-25deb1d6d6cb}</UniqueIdentifier>
    </Filter>
    <Filter Include="Framework\Generator">
      <UniqueIdentifier>{c88b9bd9-a35d-468f-a46b-66f7a5238f4a}</UniqueIdentifier>
    </Filter>
  </ItemGroup>
  <ItemGroup>
    <ClCompile Include="App.cpp">
      <Filter>Framework</Filter>
    </ClCompile>
    <ClCompile Include="Game.cpp">
      <Filter>Framework</Filter>
    </ClCompile>
    <ClCompile Include="Gamecommon.cpp">
      <Filter>Framework</Filter>
    </ClCompile>
    <ClCompile Include="Main_Windows.cpp">
      <Filter>Framework</Filter>
    </ClCompile>
    <ClCompile Include="Player.cpp">
      <Filter>Framework</Filter>
    </ClCompile>
    <ClCompile Include="Block.cpp">
      <Filter>Framework</Filter>
    </ClCompile>
    <ClCompile Include="BlockDefinition.cpp">
      <Filter>Framework</Filter>
    </ClCompile>
    <ClCompile Include="Chunk.cpp">
      <Filter>Framework</Filter>
    </ClCompile>
    <ClCompile Include="World.cpp">
      <Filter>Framework</Filter>
    </ClCompile>
    <ClCompile Include="BlockIterator.cpp">
      <Filter>Framework</Filter>
    </ClCompile>
    <ClCompile Include="ChunkSerializer.cpp">
      <Filter>Framework</Filter>
    </ClCompile>
    <ClCompile Include="ChunkUtils.cpp">
      <Filter>Framework</Filter>
    </ClCompile>
    <ClCompile Include="ChunkJob.cpp">
      <Filter>Framework</Filter>
    </ClCompile>
    <ClCompile Include="Generator\CaveGenerator.cpp">
      <Filter>Framework\Generator</Filter>
    </ClCompile>
    <ClCompile Include="Generator\FeaturePlacer.cpp">
      <Filter>Framework\Generator</Filter>
    </ClCompile>
    <ClCompile Include="Generator\SurfaceBuilder.cpp">
      <Filter>Framework\Generator</Filter>
    </ClCompile>
    <ClCompile Include="Generator\WorldGenPipeline.cpp">
      <Filter>Framework\Generator</Filter>
    </ClCompile>
    <ClCompile Include="Generator\TerrainGenerator.cpp">
      <Filter>Framework\Generator</Filter>
    </ClCompile>
    <ClCompile Include="Generator\BiomeGenerator.cpp">
      <Filter>Framework\Generator</Filter>
    </ClCompile>
    <ClCompile Include="Physics\Chest.cpp">
      <Filter>Framework</Filter>
    </ClCompile>
    <ClCompile Include="Physics\Entity.cpp">
      <Filter>Framework</Filter>
    </ClCompile>
    <ClCompile Include="Physics\GameCamera.cpp">
      <Filter>Framework</Filter>
    </ClCompile>
    <ClCompile Include="Physics\PhysicsUtils.cpp">
      <Filter>Framework</Filter>
    </ClCompile>
    <ClCompile Include="UI\ChessScreen.cpp">
      <Filter>Framework</Filter>
    </ClCompile>
    <ClCompile Include="UI\CraftingScreen.cpp">
      <Filter>Framework</Filter>
    </ClCompile>
    <ClCompile Include="UI\FurnaceScreen.cpp">
      <Filter>Framework</Filter>
    </ClCompile>
    <ClCompile Include="UI\GameUIManager.cpp">
      <Filter>Framework</Filter>
    </ClCompile>
    <ClCompile Include="UI\HUD.cpp">
      <Filter>Framework</Filter>
    </ClCompile>
    <ClCompile Include="UI\InventoryScreen.cpp">
      <Filter>Framework</Filter>
    </ClCompile>
    <ClCompile Include="UI\ItemSlot.cpp">
      <Filter>Framework</Filter>
    </ClCompile>
    <ClCompile Include="UI\MainMenuScreen.cpp">
      <Filter>Framework</Filter>
    </ClCompile>
    <ClCompile Include="UI\PauseMenuScreen.cpp">
      <Filter>Framework</Filter>
    </ClCompile>
    <ClCompile Include="UI\SettingsScreen.cpp">
      <Filter>Framework</Filter>
    </ClCompile>
  </ItemGroup>
  <ItemGroup>
    <ClInclude Include="resource.h" />
    <ClInclude Include="App.hpp">
      <Filter>Framework</Filter>
    </ClInclude>
    <ClInclude Include="Game.hpp">
      <Filter>Framework</Filter>
    </ClInclude>
    <ClInclude Include="Gamecommon.hpp">
      <Filter>Framework</Filter>
    </ClInclude>
    <ClInclude Include="Player.hpp">
      <Filter>Framework</Filter>
    </ClInclude>
    <ClInclude Include="Block.h">
      <Filter>Framework</Filter>
    </ClInclude>
    <ClInclude Include="BlockDefinition.h">
      <Filter>Framework</Filter>
    </ClInclude>
    <ClInclude Include="Chunk.h">
      <Filter>Framework</Filter>
    </ClInclude>
    <ClInclude Include="World.h">
      <Filter>Framework</Filter>
    </ClInclude>
    <ClInclude Include="BlockIterator.h">
      <Filter>Framework</Filter>
    </ClInclude>
    <ClInclude Include="ChunkSerializer.h">
      <Filter>Framework</Filter>
    </ClInclude>
    <ClInclude Include="ChunkUtils.h">
      <Filter>Framework</Filter>
    </ClInclude>
    <ClInclude Include="EngineBuildPreferences.hpp">
      <Filter>Framework</Filter>
    </ClInclude>
    <ClInclude Include="ChunkJob.h">
      <Filter>Framework</Filter>
    </ClInclude>
    <ClInclude Include="Generator\CaveGenerator.h">
      <Filter>Framework\Generator</Filter>
    </ClInclude>
    <ClInclude Include="Generator\FeaturePlacer.h">
      <Filter>Framework\Generator</Filter>
    </ClInclude>
    <ClInclude Include="Generator\SurfaceBuilder.h">
      <Filter>Framework\Generator</Filter>
    </ClInclude>
    <ClInclude Include="Generator\WorldGenPipeline.h">
      <Filter>Framework\Generator</Filter>
    </ClInclude>
    <ClInclude Include="Generator\TerrainGenerator.h">
      <Filter>Framework\Generator</Filter>
    </ClInclude>
    <ClInclude Include="Generator\BiomeGenerator.h">
      <Filter>Framework\Generator</Filter>
    </ClInclude>
    <ClInclude Include="Physics\Chest.h" />
    <ClInclude Include="Physics\Entity.h" />
    <ClInclude Include="Physics\GameCamera.h" />
    <ClInclude Include="Physics\PhysicsUtils.h" />
    <ClInclude Include="UI\ChestScreen.h" />
    <ClInclude Include="UI\CraftingScreen.h" />
    <ClInclude Include="UI\FurnaceScreen.h" />
    <ClInclude Include="UI\GameUIManager.h" />
    <ClInclude Include="UI\HUD.h" />
    <ClInclude Include="UI\InventoryScreen.h" />
    <ClInclude Include="UI\ItemSlot.h" />
    <ClInclude Include="UI\MainMenuScreen.h" />
    <ClInclude Include="UI\PauseMenuScreen.h" />
    <ClInclude Include="UI\SettingsScreen.h" />
  </ItemGroup>
  <ItemGroup>
    <ResourceCompile Include="Protogame3D.rc" />
  </ItemGroup>
  <ItemGroup>
    <None Include="Protogame3D.aps" />
  </ItemGroup>
</Project>